// !$*UTF8*$!
{
	archiveVersion = 1;
	classes = {
	};
	objectVersion = 46;
	objects = {

/* Begin PBXBuildFile section */
		4FF00AC01E23D45D009DACB3 /* AppDelegate.swift in Sources */ = {isa = PBXBuildFile; fileRef = 4FF00ABF1E23D45D009DACB3 /* AppDelegate.swift */; };
		4FF00AC21E23D45D009DACB3 /* ViewController.swift in Sources */ = {isa = PBXBuildFile; fileRef = 4FF00AC11E23D45D009DACB3 /* ViewController.swift */; };
		4FF00AC51E23D45D009DACB3 /* Main.storyboard in Resources */ = {isa = PBXBuildFile; fileRef = 4FF00AC31E23D45D009DACB3 /* Main.storyboard */; };
		4FF00AC71E23D45D009DACB3 /* Assets.xcassets in Resources */ = {isa = PBXBuildFile; fileRef = 4FF00AC61E23D45D009DACB3 /* Assets.xcassets */; };
		4FF00ACA1E23D45D009DACB3 /* LaunchScreen.storyboard in Resources */ = {isa = PBXBuildFile; fileRef = 4FF00AC81E23D45D009DACB3 /* LaunchScreen.storyboard */; };
		4FF00AD51E23D45D009DACB3 /* TestCicleCITests.swift in Sources */ = {isa = PBXBuildFile; fileRef = 4FF00AD41E23D45D009DACB3 /* TestCicleCITests.swift */; };
/* End PBXBuildFile section */

/* Begin PBXContainerItemProxy section */
		4FF00AD11E23D45D009DACB3 /* PBXContainerItemProxy */ = {
			isa = PBXContainerItemProxy;
			containerPortal = 4FF00AB41E23D45C009DACB3 /* Project object */;
			proxyType = 1;
			remoteGlobalIDString = 4FF00ABB1E23D45C009DACB3;
			remoteInfo = TestCicleCI;
		};
/* End PBXContainerItemProxy section */

/* Begin PBXFileReference section */
		4FF00ABC1E23D45D009DACB3 /* TestCicleCI.app */ = {isa = PBXFileReference; explicitFileType = wrapper.application; includeInIndex = 0; path = TestCicleCI.app; sourceTree = BUILT_PRODUCTS_DIR; };
		4FF00ABF1E23D45D009DACB3 /* AppDelegate.swift */ = {isa = PBXFileReference; lastKnownFileType = sourcecode.swift; path = AppDelegate.swift; sourceTree = "<group>"; };
		4FF00AC11E23D45D009DACB3 /* ViewController.swift */ = {isa = PBXFileReference; lastKnownFileType = sourcecode.swift; path = ViewController.swift; sourceTree = "<group>"; };
		4FF00AC41E23D45D009DACB3 /* Base */ = {isa = PBXFileReference; lastKnownFileType = file.storyboard; name = Base; path = Base.lproj/Main.storyboard; sourceTree = "<group>"; };
		4FF00AC61E23D45D009DACB3 /* Assets.xcassets */ = {isa = PBXFileReference; lastKnownFileType = folder.assetcatalog; path = Assets.xcassets; sourceTree = "<group>"; };
		4FF00AC91E23D45D009DACB3 /* Base */ = {isa = PBXFileReference; lastKnownFileType = file.storyboard; name = Base; path = Base.lproj/LaunchScreen.storyboard; sourceTree = "<group>"; };
		4FF00ACB1E23D45D009DACB3 /* Info.plist */ = {isa = PBXFileReference; lastKnownFileType = text.plist.xml; path = Info.plist; sourceTree = "<group>"; };
		4FF00AD01E23D45D009DACB3 /* TestCicleCITests.xctest */ = {isa = PBXFileReference; explicitFileType = wrapper.cfbundle; includeInIndex = 0; path = TestCicleCITests.xctest; sourceTree = BUILT_PRODUCTS_DIR; };
		4FF00AD41E23D45D009DACB3 /* TestCicleCITests.swift */ = {isa = PBXFileReference; lastKnownFileType = sourcecode.swift; path = TestCicleCITests.swift; sourceTree = "<group>"; };
		4FF00AD61E23D45D009DACB3 /* Info.plist */ = {isa = PBXFileReference; lastKnownFileType = text.plist.xml; path = Info.plist; sourceTree = "<group>"; };
/* End PBXFileReference section */

/* Begin PBXFrameworksBuildPhase section */
		4FF00AB91E23D45C009DACB3 /* Frameworks */ = {
			isa = PBXFrameworksBuildPhase;
			buildActionMask = 2147483647;
			files = (
			);
			runOnlyForDeploymentPostprocessing = 0;
		};
		4FF00ACD1E23D45D009DACB3 /* Frameworks */ = {
			isa = PBXFrameworksBuildPhase;
			buildActionMask = 2147483647;
			files = (
			);
			runOnlyForDeploymentPostprocessing = 0;
		};
/* End PBXFrameworksBuildPhase section */

/* Begin PBXGroup section */
		4FF00AB31E23D45C009DACB3 = {
			isa = PBXGroup;
			children = (
				4FF00ABE1E23D45D009DACB3 /* TestCicleCI */,
				4FF00AD31E23D45D009DACB3 /* TestCicleCITests */,
				4FF00ABD1E23D45D009DACB3 /* Products */,
			);
			sourceTree = "<group>";
		};
		4FF00ABD1E23D45D009DACB3 /* Products */ = {
			isa = PBXGroup;
			children = (
				4FF00ABC1E23D45D009DACB3 /* TestCicleCI.app */,
				4FF00AD01E23D45D009DACB3 /* TestCicleCITests.xctest */,
			);
			name = Products;
			sourceTree = "<group>";
		};
		4FF00ABE1E23D45D009DACB3 /* TestCicleCI */ = {
			isa = PBXGroup;
			children = (
				4FF00ABF1E23D45D009DACB3 /* AppDelegate.swift */,
				4FF00AC11E23D45D009DACB3 /* ViewController.swift */,
				4FF00AC31E23D45D009DACB3 /* Main.storyboard */,
				4FF00AC61E23D45D009DACB3 /* Assets.xcassets */,
				4FF00AC81E23D45D009DACB3 /* LaunchScreen.storyboard */,
				4FF00ACB1E23D45D009DACB3 /* Info.plist */,
			);
			path = TestCicleCI;
			sourceTree = "<group>";
		};
		4FF00AD31E23D45D009DACB3 /* TestCicleCITests */ = {
			isa = PBXGroup;
			children = (
				4FF00AD41E23D45D009DACB3 /* TestCicleCITests.swift */,
				4FF00AD61E23D45D009DACB3 /* Info.plist */,
			);
			path = TestCicleCITests;
			sourceTree = "<group>";
		};
/* End PBXGroup section */

/* Begin PBXNativeTarget section */
		4FF00ABB1E23D45C009DACB3 /* TestCicleCI */ = {
			isa = PBXNativeTarget;
			buildConfigurationList = 4FF00AD91E23D45D009DACB3 /* Build configuration list for PBXNativeTarget "TestCicleCI" */;
			buildPhases = (
				4FF00AB81E23D45C009DACB3 /* Sources */,
				4FF00AB91E23D45C009DACB3 /* Frameworks */,
				4FF00ABA1E23D45C009DACB3 /* Resources */,
			);
			buildRules = (
			);
			dependencies = (
			);
			name = TestCicleCI;
			productName = TestCicleCI;
			productReference = 4FF00ABC1E23D45D009DACB3 /* TestCicleCI.app */;
			productType = "com.apple.product-type.application";
		};
		4FF00ACF1E23D45D009DACB3 /* TestCicleCITests */ = {
			isa = PBXNativeTarget;
			buildConfigurationList = 4FF00ADC1E23D45D009DACB3 /* Build configuration list for PBXNativeTarget "TestCicleCITests" */;
			buildPhases = (
				4FF00ACC1E23D45D009DACB3 /* Sources */,
				4FF00ACD1E23D45D009DACB3 /* Frameworks */,
				4FF00ACE1E23D45D009DACB3 /* Resources */,
			);
			buildRules = (
			);
			dependencies = (
				4FF00AD21E23D45D009DACB3 /* PBXTargetDependency */,
			);
			name = TestCicleCITests;
			productName = TestCicleCITests;
			productReference = 4FF00AD01E23D45D009DACB3 /* TestCicleCITests.xctest */;
			productType = "com.apple.product-type.bundle.unit-test";
		};
/* End PBXNativeTarget section */

/* Begin PBXProject section */
		4FF00AB41E23D45C009DACB3 /* Project object */ = {
			isa = PBXProject;
			attributes = {
				LastSwiftUpdateCheck = 0810;
				LastUpgradeCheck = 0810;
				ORGANIZATIONNAME = DreamTeam;
				TargetAttributes = {
					4FF00ABB1E23D45C009DACB3 = {
						CreatedOnToolsVersion = 8.1;
						DevelopmentTeam = FQAXAS293G;
						ProvisioningStyle = Automatic;
					};
					4FF00ACF1E23D45D009DACB3 = {
						CreatedOnToolsVersion = 8.1;
						DevelopmentTeam = FQAXAS293G;
						ProvisioningStyle = Automatic;
						TestTargetID = 4FF00ABB1E23D45C009DACB3;
					};
				};
			};
			buildConfigurationList = 4FF00AB71E23D45C009DACB3 /* Build configuration list for PBXProject "TestCicleCI" */;
			compatibilityVersion = "Xcode 3.2";
			developmentRegion = English;
			hasScannedForEncodings = 0;
			knownRegions = (
				en,
				Base,
			);
			mainGroup = 4FF00AB31E23D45C009DACB3;
			productRefGroup = 4FF00ABD1E23D45D009DACB3 /* Products */;
			projectDirPath = "";
			projectRoot = "";
			targets = (
				4FF00ABB1E23D45C009DACB3 /* TestCicleCI */,
				4FF00ACF1E23D45D009DACB3 /* TestCicleCITests */,
			);
		};
/* End PBXProject section */

/* Begin PBXResourcesBuildPhase section */
		4FF00ABA1E23D45C009DACB3 /* Resources */ = {
			isa = PBXResourcesBuildPhase;
			buildActionMask = 2147483647;
			files = (
				4FF00ACA1E23D45D009DACB3 /* LaunchScreen.storyboard in Resources */,
				4FF00AC71E23D45D009DACB3 /* Assets.xcassets in Resources */,
				4FF00AC51E23D45D009DACB3 /* Main.storyboard in Resources */,
			);
			runOnlyForDeploymentPostprocessing = 0;
		};
		4FF00ACE1E23D45D009DACB3 /* Resources */ = {
			isa = PBXResourcesBuildPhase;
			buildActionMask = 2147483647;
			files = (
			);
			runOnlyForDeploymentPostprocessing = 0;
		};
/* End PBXResourcesBuildPhase section */

/* Begin PBXSourcesBuildPhase section */
		4FF00AB81E23D45C009DACB3 /* Sources */ = {
			isa = PBXSourcesBuildPhase;
			buildActionMask = 2147483647;
			files = (
				4FF00AC21E23D45D009DACB3 /* ViewController.swift in Sources */,
				4FF00AC01E23D45D009DACB3 /* AppDelegate.swift in Sources */,
			);
			runOnlyForDeploymentPostprocessing = 0;
		};
		4FF00ACC1E23D45D009DACB3 /* Sources */ = {
			isa = PBXSourcesBuildPhase;
			buildActionMask = 2147483647;
			files = (
				4FF00AD51E23D45D009DACB3 /* TestCicleCITests.swift in Sources */,
			);
			runOnlyForDeploymentPostprocessing = 0;
		};
/* End PBXSourcesBuildPhase section */

/* Begin PBXTargetDependency section */
		4FF00AD21E23D45D009DACB3 /* PBXTargetDependency */ = {
			isa = PBXTargetDependency;
			target = 4FF00ABB1E23D45C009DACB3 /* TestCicleCI */;
			targetProxy = 4FF00AD11E23D45D009DACB3 /* PBXContainerItemProxy */;
		};
/* End PBXTargetDependency section */

/* Begin PBXVariantGroup section */
		4FF00AC31E23D45D009DACB3 /* Main.storyboard */ = {
			isa = PBXVariantGroup;
			children = (
				4FF00AC41E23D45D009DACB3 /* Base */,
			);
			name = Main.storyboard;
			sourceTree = "<group>";
		};
		4FF00AC81E23D45D009DACB3 /* LaunchScreen.storyboard */ = {
			isa = PBXVariantGroup;
			children = (
				4FF00AC91E23D45D009DACB3 /* Base */,
			);
			name = LaunchScreen.storyboard;
			sourceTree = "<group>";
		};
/* End PBXVariantGroup section */

/* Begin XCBuildConfiguration section */
		4FF00AD71E23D45D009DACB3 /* Debug */ = {
			isa = XCBuildConfiguration;
			buildSettings = {
				ALWAYS_SEARCH_USER_PATHS = NO;
				CLANG_ANALYZER_NONNULL = YES;
				CLANG_CXX_LANGUAGE_STANDARD = "gnu++0x";
				CLANG_CXX_LIBRARY = "libc++";
				CLANG_ENABLE_MODULES = YES;
				CLANG_ENABLE_OBJC_ARC = YES;
				CLANG_WARN_BOOL_CONVERSION = YES;
				CLANG_WARN_CONSTANT_CONVERSION = YES;
				CLANG_WARN_DIRECT_OBJC_ISA_USAGE = YES_ERROR;
				CLANG_WARN_DOCUMENTATION_COMMENTS = YES;
				CLANG_WARN_EMPTY_BODY = YES;
				CLANG_WARN_ENUM_CONVERSION = YES;
				CLANG_WARN_INFINITE_RECURSION = YES;
				CLANG_WARN_INT_CONVERSION = YES;
				CLANG_WARN_OBJC_ROOT_CLASS = YES_ERROR;
				CLANG_WARN_SUSPICIOUS_MOVES = YES;
				CLANG_WARN_UNREACHABLE_CODE = YES;
				CLANG_WARN__DUPLICATE_METHOD_MATCH = YES;
				"CODE_SIGN_IDENTITY[sdk=iphoneos*]" = "iPhone Developer";
				COPY_PHASE_STRIP = NO;
				DEBUG_INFORMATION_FORMAT = dwarf;
				ENABLE_STRICT_OBJC_MSGSEND = YES;
				ENABLE_TESTABILITY = YES;
				GCC_C_LANGUAGE_STANDARD = gnu99;
				GCC_DYNAMIC_NO_PIC = NO;
				GCC_NO_COMMON_BLOCKS = YES;
				GCC_OPTIMIZATION_LEVEL = 0;
				GCC_PREPROCESSOR_DEFINITIONS = (
					"DEBUG=1",
					"$(inherited)",
				);
				GCC_WARN_64_TO_32_BIT_CONVERSION = YES;
				GCC_WARN_ABOUT_RETURN_TYPE = YES_ERROR;
				GCC_WARN_UNDECLARED_SELECTOR = YES;
				GCC_WARN_UNINITIALIZED_AUTOS = YES_AGGRESSIVE;
				GCC_WARN_UNUSED_FUNCTION = YES;
				GCC_WARN_UNUSED_VARIABLE = YES;
				IPHONEOS_DEPLOYMENT_TARGET = 10.1;
				MTL_ENABLE_DEBUG_INFO = YES;
				ONLY_ACTIVE_ARCH = YES;
				SDKROOT = iphoneos;
				SWIFT_ACTIVE_COMPILATION_CONDITIONS = DEBUG;
				SWIFT_OPTIMIZATION_LEVEL = "-Onone";
				TARGETED_DEVICE_FAMILY = "1,2";
			};
			name = Debug;
		};
		4FF00AD81E23D45D009DACB3 /* Release */ = {
			isa = XCBuildConfiguration;
			buildSettings = {
				ALWAYS_SEARCH_USER_PATHS = NO;
				CLANG_ANALYZER_NONNULL = YES;
				CLANG_CXX_LANGUAGE_STANDARD = "gnu++0x";
				CLANG_CXX_LIBRARY = "libc++";
				CLANG_ENABLE_MODULES = YES;
				CLANG_ENABLE_OBJC_ARC = YES;
				CLANG_WARN_BOOL_CONVERSION = YES;
				CLANG_WARN_CONSTANT_CONVERSION = YES;
				CLANG_WARN_DIRECT_OBJC_ISA_USAGE = YES_ERROR;
				CLANG_WARN_DOCUMENTATION_COMMENTS = YES;
				CLANG_WARN_EMPTY_BODY = YES;
				CLANG_WARN_ENUM_CONVERSION = YES;
				CLANG_WARN_INFINITE_RECURSION = YES;
				CLANG_WARN_INT_CONVERSION = YES;
				CLANG_WARN_OBJC_ROOT_CLASS = YES_ERROR;
				CLANG_WARN_SUSPICIOUS_MOVES = YES;
				CLANG_WARN_UNREACHABLE_CODE = YES;
				CLANG_WARN__DUPLICATE_METHOD_MATCH = YES;
				"CODE_SIGN_IDENTITY[sdk=iphoneos*]" = "iPhone Developer";
				COPY_PHASE_STRIP = NO;
				DEBUG_INFORMATION_FORMAT = "dwarf-with-dsym";
				ENABLE_NS_ASSERTIONS = NO;
				ENABLE_STRICT_OBJC_MSGSEND = YES;
				GCC_C_LANGUAGE_STANDARD = gnu99;
				GCC_NO_COMMON_BLOCKS = YES;
				GCC_WARN_64_TO_32_BIT_CONVERSION = YES;
				GCC_WARN_ABOUT_RETURN_TYPE = YES_ERROR;
				GCC_WARN_UNDECLARED_SELECTOR = YES;
				GCC_WARN_UNINITIALIZED_AUTOS = YES_AGGRESSIVE;
				GCC_WARN_UNUSED_FUNCTION = YES;
				GCC_WARN_UNUSED_VARIABLE = YES;
				IPHONEOS_DEPLOYMENT_TARGET = 10.1;
				MTL_ENABLE_DEBUG_INFO = NO;
				SDKROOT = iphoneos;
				SWIFT_OPTIMIZATION_LEVEL = "-Owholemodule";
				TARGETED_DEVICE_FAMILY = "1,2";
				VALIDATE_PRODUCT = YES;
			};
			name = Release;
		};
		4FF00ADA1E23D45D009DACB3 /* Debug */ = {
			isa = XCBuildConfiguration;
			buildSettings = {
				ASSETCATALOG_COMPILER_APPICON_NAME = AppIcon;
				DEVELOPMENT_TEAM = FQAXAS293G;
				INFOPLIST_FILE = TestCicleCI/Info.plist;
				LD_RUNPATH_SEARCH_PATHS = "$(inherited) @executable_path/Frameworks";
				PRODUCT_BUNDLE_IDENTIFIER = com.dreamteam.TestCicleCI;
				PRODUCT_NAME = "$(TARGET_NAME)";
				SWIFT_VERSION = 3.0;
			};
			name = Debug;
		};
		4FF00ADB1E23D45D009DACB3 /* Release */ = {
			isa = XCBuildConfiguration;
			buildSettings = {
				ASSETCATALOG_COMPILER_APPICON_NAME = AppIcon;
				DEVELOPMENT_TEAM = FQAXAS293G;
				INFOPLIST_FILE = TestCicleCI/Info.plist;
				LD_RUNPATH_SEARCH_PATHS = "$(inherited) @executable_path/Frameworks";
				PRODUCT_BUNDLE_IDENTIFIER = com.dreamteam.TestCicleCI;
				PRODUCT_NAME = "$(TARGET_NAME)";
				SWIFT_VERSION = 3.0;
			};
			name = Release;
		};
		4FF00ADD1E23D45D009DACB3 /* Debug */ = {
			isa = XCBuildConfiguration;
			buildSettings = {
				ALWAYS_EMBED_SWIFT_STANDARD_LIBRARIES = YES;
				BUNDLE_LOADER = "$(TEST_HOST)";
				DEVELOPMENT_TEAM = FQAXAS293G;
				INFOPLIST_FILE = TestCicleCITests/Info.plist;
				LD_RUNPATH_SEARCH_PATHS = "$(inherited) @executable_path/Frameworks @loader_path/Frameworks";
				PRODUCT_BUNDLE_IDENTIFIER = com.dreamteam.TestCicleCITests;
				PRODUCT_NAME = "$(TARGET_NAME)";
				SWIFT_VERSION = 3.0;
				TEST_HOST = "$(BUILT_PRODUCTS_DIR)/TestCicleCI.app/TestCicleCI";
			};
			name = Debug;
		};
		4FF00ADE1E23D45D009DACB3 /* Release */ = {
			isa = XCBuildConfiguration;
			buildSettings = {
				ALWAYS_EMBED_SWIFT_STANDARD_LIBRARIES = YES;
				BUNDLE_LOADER = "$(TEST_HOST)";
				DEVELOPMENT_TEAM = FQAXAS293G;
				INFOPLIST_FILE = TestCicleCITests/Info.plist;
				LD_RUNPATH_SEARCH_PATHS = "$(inherited) @executable_path/Frameworks @loader_path/Frameworks";
				PRODUCT_BUNDLE_IDENTIFIER = com.dreamteam.TestCicleCITests;
				PRODUCT_NAME = "$(TARGET_NAME)";
				SWIFT_VERSION = 3.0;
				TEST_HOST = "$(BUILT_PRODUCTS_DIR)/TestCicleCI.app/TestCicleCI";
			};
			name = Release;
		};
/* End XCBuildConfiguration section */

/* Begin XCConfigurationList section */
		4FF00AB71E23D45C009DACB3 /* Build configuration list for PBXProject "TestCicleCI" */ = {
			isa = XCConfigurationList;
			buildConfigurations = (
				4FF00AD71E23D45D009DACB3 /* Debug */,
				4FF00AD81E23D45D009DACB3 /* Release */,
			);
			defaultConfigurationIsVisible = 0;
			defaultConfigurationName = Release;
		};
		4FF00AD91E23D45D009DACB3 /* Build configuration list for PBXNativeTarget "TestCicleCI" */ = {
			isa = XCConfigurationList;
			buildConfigurations = (
				4FF00ADA1E23D45D009DACB3 /* Debug */,
				4FF00ADB1E23D45D009DACB3 /* Release */,
			);
			defaultConfigurationIsVisible = 0;
		};
		4FF00ADC1E23D45D009DACB3 /* Build configuration list for PBXNativeTarget "TestCicleCITests" */ = {
			isa = XCConfigurationList;
			buildConfigurations = (
				4FF00ADD1E23D45D009DACB3 /* Debug */,
				4FF00ADE1E23D45D009DACB3 /* Release */,
			);
			defaultConfigurationIsVisible = 0;
		};
/* End XCConfigurationList section */
	};
	rootObject = 4FF00AB41E23D45C009DACB3 /* Project object */;
}
